// !$*UTF8*$!
{
	archiveVersion = 1;
	classes = {
	};
	objectVersion = 50;
	objects = {

/* Begin PBXBuildFile section */
		1915DA972424BCB900049699 /* Animationview.swift in Sources */ = {isa = PBXBuildFile; fileRef = 1915DA962424BCB900049699 /* Animationview.swift */; };
		1915DA992424BCE900049699 /* SiproShape.swift in Sources */ = {isa = PBXBuildFile; fileRef = 1915DA982424BCE900049699 /* SiproShape.swift */; };
		19521E90241B695A009979B3 /* GradientViewContent.swift in Sources */ = {isa = PBXBuildFile; fileRef = 19521E8F241B695A009979B3 /* GradientViewContent.swift */; };
		19521E92241B6D1F009979B3 /* BackgroundImagesViewContent.swift in Sources */ = {isa = PBXBuildFile; fileRef = 19521E91241B6D1F009979B3 /* BackgroundImagesViewContent.swift */; };
		19521E94241B7AEF009979B3 /* ReturnDifferentviewContent.swift in Sources */ = {isa = PBXBuildFile; fileRef = 19521E93241B7AEF009979B3 /* ReturnDifferentviewContent.swift */; };
		19521E96241B7D95009979B3 /* MultipleViewsContent.swift in Sources */ = {isa = PBXBuildFile; fileRef = 19521E95241B7D95009979B3 /* MultipleViewsContent.swift */; };
		19521E98241B86DE009979B3 /* CustomFrameViewContent.swift in Sources */ = {isa = PBXBuildFile; fileRef = 19521E97241B86DE009979B3 /* CustomFrameViewContent.swift */; };
		19521E9A241B8A0A009979B3 /* ViewwithGeometryReader.swift in Sources */ = {isa = PBXBuildFile; fileRef = 19521E99241B8A0A009979B3 /* ViewwithGeometryReader.swift */; };
		19521E9C241B8FD5009979B3 /* 3DeffectsContentView.swift in Sources */ = {isa = PBXBuildFile; fileRef = 19521E9B241B8FD5009979B3 /* 3DeffectsContentView.swift */; };
		19521E9E241B9529009979B3 /* GridStack.swift in Sources */ = {isa = PBXBuildFile; fileRef = 19521E9D241B9529009979B3 /* GridStack.swift */; };
		197EA34A2410C53D00D90AC8 /* Assets.xcassets in Resources */ = {isa = PBXBuildFile; fileRef = 197EA3492410C53D00D90AC8 /* Assets.xcassets */; };
		197EA34D2410C53D00D90AC8 /* Preview Assets.xcassets in Resources */ = {isa = PBXBuildFile; fileRef = 197EA34C2410C53D00D90AC8 /* Preview Assets.xcassets */; };
		197EA3502410C53D00D90AC8 /* LaunchScreen.storyboard in Resources */ = {isa = PBXBuildFile; fileRef = 197EA34E2410C53D00D90AC8 /* LaunchScreen.storyboard */; };
		198696A12419FE3B00165291 /* StackContentView.swift in Sources */ = {isa = PBXBuildFile; fileRef = 198696A02419FE3B00165291 /* StackContentView.swift */; };
		198696A3241A1B1300165291 /* ScrollViewContent.swift in Sources */ = {isa = PBXBuildFile; fileRef = 198696A2241A1B1300165291 /* ScrollViewContent.swift */; };
		19C8B09724207688004A6567 /* WorkingwithState.swift in Sources */ = {isa = PBXBuildFile; fileRef = 19C8B09624207688004A6567 /* WorkingwithState.swift */; };
		19C8B09924207A4D004A6567 /* ViewLayout.swift in Sources */ = {isa = PBXBuildFile; fileRef = 19C8B09824207A4D004A6567 /* ViewLayout.swift */; };
		19C8B09C2420896B004A6567 /* ObservableContentview.swift in Sources */ = {isa = PBXBuildFile; fileRef = 19C8B09B2420896B004A6567 /* ObservableContentview.swift */; };
		19C8B09E24208A08004A6567 /* UserSettings.swift in Sources */ = {isa = PBXBuildFile; fileRef = 19C8B09D24208A08004A6567 /* UserSettings.swift */; };
		19C8B0A024208BA6004A6567 /* AdancedStatesView.swift in Sources */ = {isa = PBXBuildFile; fileRef = 19C8B09F24208BA6004A6567 /* AdancedStatesView.swift */; };
		19C8B0A224208FAA004A6567 /* VStack+HStack.swift in Sources */ = {isa = PBXBuildFile; fileRef = 19C8B0A124208FAA004A6567 /* VStack+HStack.swift */; };
		19C8B0A424209390004A6567 /* UserLoginView.swift in Sources */ = {isa = PBXBuildFile; fileRef = 19C8B0A324209390004A6567 /* UserLoginView.swift */; };
		19C8B0A6242093BF004A6567 /* UserAuthentication.swift in Sources */ = {isa = PBXBuildFile; fileRef = 19C8B0A5242093BF004A6567 /* UserAuthentication.swift */; };
		19C8B0A82420B360004A6567 /* CustomBindingsView.swift in Sources */ = {isa = PBXBuildFile; fileRef = 19C8B0A72420B360004A6567 /* CustomBindingsView.swift */; };
		19C8B0AA2420C473004A6567 /* Timer.swift in Sources */ = {isa = PBXBuildFile; fileRef = 19C8B0A92420C473004A6567 /* Timer.swift */; };
		19C8B0AC2420CBF0004A6567 /* FoodCornerView.swift in Sources */ = {isa = PBXBuildFile; fileRef = 19C8B0AB2420CBF0004A6567 /* FoodCornerView.swift */; };
		19C8B0AF2420E18E004A6567 /* ListsView.swift in Sources */ = {isa = PBXBuildFile; fileRef = 19C8B0AE2420E18E004A6567 /* ListsView.swift */; };
		19D2FFB2241F250900887958 /* GridView.swift in Sources */ = {isa = PBXBuildFile; fileRef = 19D2FFB1241F250900887958 /* GridView.swift */; };
		19D2FFB6241F31E800887958 /* StateControlsView.swift in Sources */ = {isa = PBXBuildFile; fileRef = 19D2FFB5241F31E800887958 /* StateControlsView.swift */; };
		19D2FFBA241F3C2F00887958 /* NavigationLinkView.swift in Sources */ = {isa = PBXBuildFile; fileRef = 19D2FFB9241F3C2F00887958 /* NavigationLinkView.swift */; };
		19D2FFBC241F444000887958 /* SliderView.swift in Sources */ = {isa = PBXBuildFile; fileRef = 19D2FFBB241F444000887958 /* SliderView.swift */; };
		19D2FFBE241F56E900887958 /* PickerView.swift in Sources */ = {isa = PBXBuildFile; fileRef = 19D2FFBD241F56E900887958 /* PickerView.swift */; };
		19D2FFC0241F618100887958 /* SegmentedControls.swift in Sources */ = {isa = PBXBuildFile; fileRef = 19D2FFBF241F618100887958 /* SegmentedControls.swift */; };
		19D2FFC2241F6AC500887958 /* StepperContentView.swift in Sources */ = {isa = PBXBuildFile; fileRef = 19D2FFC1241F6AC500887958 /* StepperContentView.swift */; };
		19D2FFC4241F713300887958 /* GestureViewContent.swift in Sources */ = {isa = PBXBuildFile; fileRef = 19D2FFC3241F713300887958 /* GestureViewContent.swift */; };
		19D2FFC6241F806200887958 /* LifeCycleEvents.swift in Sources */ = {isa = PBXBuildFile; fileRef = 19D2FFC5241F806200887958 /* LifeCycleEvents.swift */; };
		19E2C2752421C96F00FCE890 /* DeleteRowFromLists.swift in Sources */ = {isa = PBXBuildFile; fileRef = 19E2C2742421C96F00FCE890 /* DeleteRowFromLists.swift */; };
		19E2C2772421CC2B00FCE890 /* MoveRowFromLists.swift in Sources */ = {isa = PBXBuildFile; fileRef = 19E2C2762421CC2B00FCE890 /* MoveRowFromLists.swift */; };
		19E2C2792421CECC00FCE890 /* SectionInLists.swift in Sources */ = {isa = PBXBuildFile; fileRef = 19E2C2782421CECC00FCE890 /* SectionInLists.swift */; };
		19E2C27B2421D63600FCE890 /* ImplicitStacking.swift in Sources */ = {isa = PBXBuildFile; fileRef = 19E2C27A2421D63600FCE890 /* ImplicitStacking.swift */; };
		19E2C27D2421DAF300FCE890 /* BasicForm.swift in Sources */ = {isa = PBXBuildFile; fileRef = 19E2C27C2421DAF300FCE890 /* BasicForm.swift */; };
		19E2C27F2421E39900FCE890 /* PickerInForm.swift in Sources */ = {isa = PBXBuildFile; fileRef = 19E2C27E2421E39900FCE890 /* PickerInForm.swift */; };
		19E2C28124221D6100FCE890 /* ListsFormsContainersView.swift in Sources */ = {isa = PBXBuildFile; fileRef = 19E2C28024221D6100FCE890 /* ListsFormsContainersView.swift */; };
		19E2C28424222B5D00FCE890 /* ShowAlertView.swift in Sources */ = {isa = PBXBuildFile; fileRef = 19E2C28324222B5D00FCE890 /* ShowAlertView.swift */; };
		19E2C286242234A700FCE890 /* ShowActionSheetView.swift in Sources */ = {isa = PBXBuildFile; fileRef = 19E2C285242234A700FCE890 /* ShowActionSheetView.swift */; };
		19F8F673242310CF006A08A7 /* ContextMenuView.swift in Sources */ = {isa = PBXBuildFile; fileRef = 19F8F672242310CF006A08A7 /* ContextMenuView.swift */; };
		19F8F67724231D82006A08A7 /* PresentViewbySheet.swift in Sources */ = {isa = PBXBuildFile; fileRef = 19F8F67624231D82006A08A7 /* PresentViewbySheet.swift */; };
		19F8F6792423233E006A08A7 /* PresentingView.swift in Sources */ = {isa = PBXBuildFile; fileRef = 19F8F6782423233E006A08A7 /* PresentingView.swift */; };
		19F8F67E2423268D006A08A7 /* AdjustWithOffset.swift in Sources */ = {isa = PBXBuildFile; fileRef = 19F8F67D2423268D006A08A7 /* AdjustWithOffset.swift */; };
		19F8F68024232BA6006A08A7 /* ColorOfPadding.swift in Sources */ = {isa = PBXBuildFile; fileRef = 19F8F67F24232BA6006A08A7 /* ColorOfPadding.swift */; };
		19F8F682242333E7006A08A7 /* ShadowAroundView.swift in Sources */ = {isa = PBXBuildFile; fileRef = 19F8F681242333E7006A08A7 /* ShadowAroundView.swift */; };
		19F8F68424234B86006A08A7 /* RotatingView.swift in Sources */ = {isa = PBXBuildFile; fileRef = 19F8F68324234B86006A08A7 /* RotatingView.swift */; };
		19F8F68624234F3B006A08A7 /* Rotation3DView.swift in Sources */ = {isa = PBXBuildFile; fileRef = 19F8F68524234F3B006A08A7 /* Rotation3DView.swift */; };
		19F8F68824235B10006A08A7 /* BlurView.swift in Sources */ = {isa = PBXBuildFile; fileRef = 19F8F68724235B10006A08A7 /* BlurView.swift */; };
		19F8F68A24237F0B006A08A7 /* TransformingView.swift in Sources */ = {isa = PBXBuildFile; fileRef = 19F8F68924237F0B006A08A7 /* TransformingView.swift */; };
		19FDFD3B2418E824000DD855 /* ContentView.swift in Sources */ = {isa = PBXBuildFile; fileRef = 19FDFD3A2418E824000DD855 /* ContentView.swift */; };
		19FDFD3D2418E8C6000DD855 /* AppDelegate.swift in Sources */ = {isa = PBXBuildFile; fileRef = 19FDFD3C2418E8C6000DD855 /* AppDelegate.swift */; };
		19FDFD3F2418E8F2000DD855 /* SceneDelegate.swift in Sources */ = {isa = PBXBuildFile; fileRef = 19FDFD3E2418E8F2000DD855 /* SceneDelegate.swift */; };
/* End PBXBuildFile section */

/* Begin PBXFileReference section */
		1915DA962424BCB900049699 /* Animationview.swift */ = {isa = PBXFileReference; lastKnownFileType = sourcecode.swift; path = Animationview.swift; sourceTree = "<group>"; };
		1915DA982424BCE900049699 /* SiproShape.swift */ = {isa = PBXFileReference; lastKnownFileType = sourcecode.swift; path = SiproShape.swift; sourceTree = "<group>"; };
		19521E8F241B695A009979B3 /* GradientViewContent.swift */ = {isa = PBXFileReference; lastKnownFileType = sourcecode.swift; path = GradientViewContent.swift; sourceTree = "<group>"; };
		19521E91241B6D1F009979B3 /* BackgroundImagesViewContent.swift */ = {isa = PBXFileReference; lastKnownFileType = sourcecode.swift; path = BackgroundImagesViewContent.swift; sourceTree = "<group>"; };
		19521E93241B7AEF009979B3 /* ReturnDifferentviewContent.swift */ = {isa = PBXFileReference; lastKnownFileType = sourcecode.swift; path = ReturnDifferentviewContent.swift; sourceTree = "<group>"; };
		19521E95241B7D95009979B3 /* MultipleViewsContent.swift */ = {isa = PBXFileReference; lastKnownFileType = sourcecode.swift; path = MultipleViewsContent.swift; sourceTree = "<group>"; };
		19521E97241B86DE009979B3 /* CustomFrameViewContent.swift */ = {isa = PBXFileReference; lastKnownFileType = sourcecode.swift; path = CustomFrameViewContent.swift; sourceTree = "<group>"; };
		19521E99241B8A0A009979B3 /* ViewwithGeometryReader.swift */ = {isa = PBXFileReference; lastKnownFileType = sourcecode.swift; path = ViewwithGeometryReader.swift; sourceTree = "<group>"; };
		19521E9B241B8FD5009979B3 /* 3DeffectsContentView.swift */ = {isa = PBXFileReference; lastKnownFileType = sourcecode.swift; path = 3DeffectsContentView.swift; sourceTree = "<group>"; };
		19521E9D241B9529009979B3 /* GridStack.swift */ = {isa = PBXFileReference; lastKnownFileType = sourcecode.swift; path = GridStack.swift; sourceTree = "<group>"; };
		197EA3402410C52B00D90AC8 /* OrderApp.app */ = {isa = PBXFileReference; explicitFileType = wrapper.application; includeInIndex = 0; path = OrderApp.app; sourceTree = BUILT_PRODUCTS_DIR; };
		197EA3492410C53D00D90AC8 /* Assets.xcassets */ = {isa = PBXFileReference; lastKnownFileType = folder.assetcatalog; path = Assets.xcassets; sourceTree = "<group>"; };
		197EA34C2410C53D00D90AC8 /* Preview Assets.xcassets */ = {isa = PBXFileReference; lastKnownFileType = folder.assetcatalog; path = "Preview Assets.xcassets"; sourceTree = "<group>"; };
		197EA34F2410C53D00D90AC8 /* Base */ = {isa = PBXFileReference; lastKnownFileType = file.storyboard; name = Base; path = Base.lproj/LaunchScreen.storyboard; sourceTree = "<group>"; };
		197EA3512410C53D00D90AC8 /* Info.plist */ = {isa = PBXFileReference; lastKnownFileType = text.plist.xml; path = Info.plist; sourceTree = "<group>"; };
		198696A02419FE3B00165291 /* StackContentView.swift */ = {isa = PBXFileReference; lastKnownFileType = sourcecode.swift; path = StackContentView.swift; sourceTree = "<group>"; };
		198696A2241A1B1300165291 /* ScrollViewContent.swift */ = {isa = PBXFileReference; lastKnownFileType = sourcecode.swift; path = ScrollViewContent.swift; sourceTree = "<group>"; };
		19C8B09624207688004A6567 /* WorkingwithState.swift */ = {isa = PBXFileReference; lastKnownFileType = sourcecode.swift; path = WorkingwithState.swift; sourceTree = "<group>"; };
		19C8B09824207A4D004A6567 /* ViewLayout.swift */ = {isa = PBXFileReference; lastKnownFileType = sourcecode.swift; path = ViewLayout.swift; sourceTree = "<group>"; };
		19C8B09B2420896B004A6567 /* ObservableContentview.swift */ = {isa = PBXFileReference; lastKnownFileType = sourcecode.swift; path = ObservableContentview.swift; sourceTree = "<group>"; };
		19C8B09D24208A08004A6567 /* UserSettings.swift */ = {isa = PBXFileReference; lastKnownFileType = sourcecode.swift; path = UserSettings.swift; sourceTree = "<group>"; };
		19C8B09F24208BA6004A6567 /* AdancedStatesView.swift */ = {isa = PBXFileReference; lastKnownFileType = sourcecode.swift; path = AdancedStatesView.swift; sourceTree = "<group>"; };
		19C8B0A124208FAA004A6567 /* VStack+HStack.swift */ = {isa = PBXFileReference; lastKnownFileType = sourcecode.swift; path = "VStack+HStack.swift"; sourceTree = "<group>"; };
		19C8B0A324209390004A6567 /* UserLoginView.swift */ = {isa = PBXFileReference; lastKnownFileType = sourcecode.swift; path = UserLoginView.swift; sourceTree = "<group>"; };
		19C8B0A5242093BF004A6567 /* UserAuthentication.swift */ = {isa = PBXFileReference; lastKnownFileType = sourcecode.swift; path = UserAuthentication.swift; sourceTree = "<group>"; };
		19C8B0A72420B360004A6567 /* CustomBindingsView.swift */ = {isa = PBXFileReference; lastKnownFileType = sourcecode.swift; path = CustomBindingsView.swift; sourceTree = "<group>"; };
		19C8B0A92420C473004A6567 /* Timer.swift */ = {isa = PBXFileReference; lastKnownFileType = sourcecode.swift; path = Timer.swift; sourceTree = "<group>"; };
		19C8B0AB2420CBF0004A6567 /* FoodCornerView.swift */ = {isa = PBXFileReference; lastKnownFileType = sourcecode.swift; path = FoodCornerView.swift; sourceTree = "<group>"; };
		19C8B0AE2420E18E004A6567 /* ListsView.swift */ = {isa = PBXFileReference; lastKnownFileType = sourcecode.swift; path = ListsView.swift; sourceTree = "<group>"; };
		19D2FFB1241F250900887958 /* GridView.swift */ = {isa = PBXFileReference; lastKnownFileType = sourcecode.swift; path = GridView.swift; sourceTree = "<group>"; };
		19D2FFB5241F31E800887958 /* StateControlsView.swift */ = {isa = PBXFileReference; lastKnownFileType = sourcecode.swift; path = StateControlsView.swift; sourceTree = "<group>"; };
		19D2FFB9241F3C2F00887958 /* NavigationLinkView.swift */ = {isa = PBXFileReference; lastKnownFileType = sourcecode.swift; path = NavigationLinkView.swift; sourceTree = "<group>"; };
		19D2FFBB241F444000887958 /* SliderView.swift */ = {isa = PBXFileReference; lastKnownFileType = sourcecode.swift; path = SliderView.swift; sourceTree = "<group>"; };
		19D2FFBD241F56E900887958 /* PickerView.swift */ = {isa = PBXFileReference; lastKnownFileType = sourcecode.swift; path = PickerView.swift; sourceTree = "<group>"; };
		19D2FFBF241F618100887958 /* SegmentedControls.swift */ = {isa = PBXFileReference; lastKnownFileType = sourcecode.swift; path = SegmentedControls.swift; sourceTree = "<group>"; };
		19D2FFC1241F6AC500887958 /* StepperContentView.swift */ = {isa = PBXFileReference; lastKnownFileType = sourcecode.swift; path = StepperContentView.swift; sourceTree = "<group>"; };
		19D2FFC3241F713300887958 /* GestureViewContent.swift */ = {isa = PBXFileReference; lastKnownFileType = sourcecode.swift; path = GestureViewContent.swift; sourceTree = "<group>"; };
		19D2FFC5241F806200887958 /* LifeCycleEvents.swift */ = {isa = PBXFileReference; lastKnownFileType = sourcecode.swift; path = LifeCycleEvents.swift; sourceTree = "<group>"; };
		19E2C2742421C96F00FCE890 /* DeleteRowFromLists.swift */ = {isa = PBXFileReference; lastKnownFileType = sourcecode.swift; path = DeleteRowFromLists.swift; sourceTree = "<group>"; };
		19E2C2762421CC2B00FCE890 /* MoveRowFromLists.swift */ = {isa = PBXFileReference; lastKnownFileType = sourcecode.swift; path = MoveRowFromLists.swift; sourceTree = "<group>"; };
		19E2C2782421CECC00FCE890 /* SectionInLists.swift */ = {isa = PBXFileReference; lastKnownFileType = sourcecode.swift; path = SectionInLists.swift; sourceTree = "<group>"; };
		19E2C27A2421D63600FCE890 /* ImplicitStacking.swift */ = {isa = PBXFileReference; lastKnownFileType = sourcecode.swift; path = ImplicitStacking.swift; sourceTree = "<group>"; };
		19E2C27C2421DAF300FCE890 /* BasicForm.swift */ = {isa = PBXFileReference; lastKnownFileType = sourcecode.swift; path = BasicForm.swift; sourceTree = "<group>"; };
		19E2C27E2421E39900FCE890 /* PickerInForm.swift */ = {isa = PBXFileReference; lastKnownFileType = sourcecode.swift; path = PickerInForm.swift; sourceTree = "<group>"; };
		19E2C28024221D6100FCE890 /* ListsFormsContainersView.swift */ = {isa = PBXFileReference; lastKnownFileType = sourcecode.swift; path = ListsFormsContainersView.swift; sourceTree = "<group>"; };
		19E2C28324222B5D00FCE890 /* ShowAlertView.swift */ = {isa = PBXFileReference; lastKnownFileType = sourcecode.swift; path = ShowAlertView.swift; sourceTree = "<group>"; };
		19E2C285242234A700FCE890 /* ShowActionSheetView.swift */ = {isa = PBXFileReference; lastKnownFileType = sourcecode.swift; path = ShowActionSheetView.swift; sourceTree = "<group>"; };
		19F8F672242310CF006A08A7 /* ContextMenuView.swift */ = {isa = PBXFileReference; lastKnownFileType = sourcecode.swift; path = ContextMenuView.swift; sourceTree = "<group>"; };
		19F8F67624231D82006A08A7 /* PresentViewbySheet.swift */ = {isa = PBXFileReference; lastKnownFileType = sourcecode.swift; path = PresentViewbySheet.swift; sourceTree = "<group>"; };
		19F8F6782423233E006A08A7 /* PresentingView.swift */ = {isa = PBXFileReference; lastKnownFileType = sourcecode.swift; path = PresentingView.swift; sourceTree = "<group>"; };
		19F8F67D2423268D006A08A7 /* AdjustWithOffset.swift */ = {isa = PBXFileReference; lastKnownFileType = sourcecode.swift; path = AdjustWithOffset.swift; sourceTree = "<group>"; };
		19F8F67F24232BA6006A08A7 /* ColorOfPadding.swift */ = {isa = PBXFileReference; lastKnownFileType = sourcecode.swift; path = ColorOfPadding.swift; sourceTree = "<group>"; };
		19F8F681242333E7006A08A7 /* ShadowAroundView.swift */ = {isa = PBXFileReference; lastKnownFileType = sourcecode.swift; path = ShadowAroundView.swift; sourceTree = "<group>"; };
		19F8F68324234B86006A08A7 /* RotatingView.swift */ = {isa = PBXFileReference; lastKnownFileType = sourcecode.swift; path = RotatingView.swift; sourceTree = "<group>"; };
		19F8F68524234F3B006A08A7 /* Rotation3DView.swift */ = {isa = PBXFileReference; lastKnownFileType = sourcecode.swift; path = Rotation3DView.swift; sourceTree = "<group>"; };
		19F8F68724235B10006A08A7 /* BlurView.swift */ = {isa = PBXFileReference; lastKnownFileType = sourcecode.swift; path = BlurView.swift; sourceTree = "<group>"; };
		19F8F68924237F0B006A08A7 /* TransformingView.swift */ = {isa = PBXFileReference; lastKnownFileType = sourcecode.swift; path = TransformingView.swift; sourceTree = "<group>"; };
		19FDFD3A2418E824000DD855 /* ContentView.swift */ = {isa = PBXFileReference; lastKnownFileType = sourcecode.swift; path = ContentView.swift; sourceTree = "<group>"; };
		19FDFD3C2418E8C6000DD855 /* AppDelegate.swift */ = {isa = PBXFileReference; lastKnownFileType = sourcecode.swift; path = AppDelegate.swift; sourceTree = "<group>"; };
		19FDFD3E2418E8F2000DD855 /* SceneDelegate.swift */ = {isa = PBXFileReference; lastKnownFileType = sourcecode.swift; path = SceneDelegate.swift; sourceTree = "<group>"; };
/* End PBXFileReference section */

/* Begin PBXFrameworksBuildPhase section */
		197EA33D2410C52B00D90AC8 /* Frameworks */ = {
			isa = PBXFrameworksBuildPhase;
			buildActionMask = 2147483647;
			files = (
			);
			runOnlyForDeploymentPostprocessing = 0;
		};
/* End PBXFrameworksBuildPhase section */

/* Begin PBXGroup section */
		197EA3372410C52A00D90AC8 = {
			isa = PBXGroup;
			children = (
				197EA3422410C52B00D90AC8 /* OrderApp */,
				197EA3412410C52B00D90AC8 /* Products */,
			);
			sourceTree = "<group>";
		};
		197EA3412410C52B00D90AC8 /* Products */ = {
			isa = PBXGroup;
			children = (
				197EA3402410C52B00D90AC8 /* OrderApp.app */,
			);
			name = Products;
			sourceTree = "<group>";
		};
		197EA3422410C52B00D90AC8 /* OrderApp */ = {
			isa = PBXGroup;
			children = (
				19F8F67C2423265E006A08A7 /* TransformingViews */,
				19C8B0AB2420CBF0004A6567 /* FoodCornerView.swift */,
				1915DA962424BCB900049699 /* Animationview.swift */,
				1915DA982424BCE900049699 /* SiproShape.swift */,
				19E2C28224222B0F00FCE890 /* Presentation */,
				19C8B0AD2420E131004A6567 /* ListsFormsContainers */,
				19C8B09A2420803F004A6567 /* Advanced States */,
				19D2FFB4241F2FB000887958 /* State */,
				19D2FFB3241F2F6C00887958 /* Viewlayout */,
				19FDFD3C2418E8C6000DD855 /* AppDelegate.swift */,
				19FDFD3E2418E8F2000DD855 /* SceneDelegate.swift */,
				19FDFD3A2418E824000DD855 /* ContentView.swift */,
				197EA3492410C53D00D90AC8 /* Assets.xcassets */,
				197EA34E2410C53D00D90AC8 /* LaunchScreen.storyboard */,
				197EA3512410C53D00D90AC8 /* Info.plist */,
				197EA34B2410C53D00D90AC8 /* Preview Content */,
			);
			path = OrderApp;
			sourceTree = "<group>";
		};
		197EA34B2410C53D00D90AC8 /* Preview Content */ = {
			isa = PBXGroup;
			children = (
				197EA34C2410C53D00D90AC8 /* Preview Assets.xcassets */,
			);
			path = "Preview Content";
			sourceTree = "<group>";
		};
		19C8B09A2420803F004A6567 /* Advanced States */ = {
			isa = PBXGroup;
			children = (
				19C8B09F24208BA6004A6567 /* AdancedStatesView.swift */,
				19C8B09B2420896B004A6567 /* ObservableContentview.swift */,
				19C8B09D24208A08004A6567 /* UserSettings.swift */,
				19C8B0A324209390004A6567 /* UserLoginView.swift */,
				19C8B0A5242093BF004A6567 /* UserAuthentication.swift */,
				19C8B0A72420B360004A6567 /* CustomBindingsView.swift */,
				19C8B0A92420C473004A6567 /* Timer.swift */,
			);
			path = "Advanced States";
			sourceTree = "<group>";
		};
		19C8B0AD2420E131004A6567 /* ListsFormsContainers */ = {
			isa = PBXGroup;
			children = (
				19E2C28024221D6100FCE890 /* ListsFormsContainersView.swift */,
				19C8B0AE2420E18E004A6567 /* ListsView.swift */,
				19E2C2742421C96F00FCE890 /* DeleteRowFromLists.swift */,
				19E2C2762421CC2B00FCE890 /* MoveRowFromLists.swift */,
				19E2C2782421CECC00FCE890 /* SectionInLists.swift */,
				19E2C27A2421D63600FCE890 /* ImplicitStacking.swift */,
				19E2C27C2421DAF300FCE890 /* BasicForm.swift */,
				19E2C27E2421E39900FCE890 /* PickerInForm.swift */,
			);
			path = ListsFormsContainers;
			sourceTree = "<group>";
		};
		19D2FFB3241F2F6C00887958 /* Viewlayout */ = {
			isa = PBXGroup;
			children = (
				19C8B09824207A4D004A6567 /* ViewLayout.swift */,
				19C8B0A124208FAA004A6567 /* VStack+HStack.swift */,
				19521E8F241B695A009979B3 /* GradientViewContent.swift */,
				19521E91241B6D1F009979B3 /* BackgroundImagesViewContent.swift */,
				19521E93241B7AEF009979B3 /* ReturnDifferentviewContent.swift */,
				198696A02419FE3B00165291 /* StackContentView.swift */,
				19521E95241B7D95009979B3 /* MultipleViewsContent.swift */,
				19521E97241B86DE009979B3 /* CustomFrameViewContent.swift */,
				198696A2241A1B1300165291 /* ScrollViewContent.swift */,
				19521E99241B8A0A009979B3 /* ViewwithGeometryReader.swift */,
				19521E9B241B8FD5009979B3 /* 3DeffectsContentView.swift */,
				19521E9D241B9529009979B3 /* GridStack.swift */,
				19D2FFB1241F250900887958 /* GridView.swift */,
			);
			path = Viewlayout;
			sourceTree = "<group>";
		};
		19D2FFB4241F2FB000887958 /* State */ = {
			isa = PBXGroup;
			children = (
				19C8B09624207688004A6567 /* WorkingwithState.swift */,
				19D2FFB5241F31E800887958 /* StateControlsView.swift */,
				19D2FFB9241F3C2F00887958 /* NavigationLinkView.swift */,
				19D2FFBB241F444000887958 /* SliderView.swift */,
				19D2FFBD241F56E900887958 /* PickerView.swift */,
				19D2FFBF241F618100887958 /* SegmentedControls.swift */,
				19D2FFC1241F6AC500887958 /* StepperContentView.swift */,
				19D2FFC3241F713300887958 /* GestureViewContent.swift */,
				19D2FFC5241F806200887958 /* LifeCycleEvents.swift */,
			);
			path = State;
			sourceTree = "<group>";
		};
		19E2C28224222B0F00FCE890 /* Presentation */ = {
			isa = PBXGroup;
			children = (
				19F8F6782423233E006A08A7 /* PresentingView.swift */,
				19E2C28324222B5D00FCE890 /* ShowAlertView.swift */,
				19E2C285242234A700FCE890 /* ShowActionSheetView.swift */,
				19F8F672242310CF006A08A7 /* ContextMenuView.swift */,
				19F8F67624231D82006A08A7 /* PresentViewbySheet.swift */,
			);
			path = Presentation;
			sourceTree = "<group>";
		};
		19F8F67C2423265E006A08A7 /* TransformingViews */ = {
			isa = PBXGroup;
			children = (
				19F8F67D2423268D006A08A7 /* AdjustWithOffset.swift */,
				19F8F67F24232BA6006A08A7 /* ColorOfPadding.swift */,
				19F8F681242333E7006A08A7 /* ShadowAroundView.swift */,
				19F8F68324234B86006A08A7 /* RotatingView.swift */,
				19F8F68524234F3B006A08A7 /* Rotation3DView.swift */,
				19F8F68724235B10006A08A7 /* BlurView.swift */,
				19F8F68924237F0B006A08A7 /* TransformingView.swift */,
			);
			path = TransformingViews;
			sourceTree = "<group>";
		};
/* End PBXGroup section */

/* Begin PBXNativeTarget section */
		197EA33F2410C52B00D90AC8 /* OrderApp */ = {
			isa = PBXNativeTarget;
			buildConfigurationList = 197EA3542410C53D00D90AC8 /* Build configuration list for PBXNativeTarget "OrderApp" */;
			buildPhases = (
				197EA33C2410C52B00D90AC8 /* Sources */,
				197EA33D2410C52B00D90AC8 /* Frameworks */,
				197EA33E2410C52B00D90AC8 /* Resources */,
			);
			buildRules = (
			);
			dependencies = (
			);
			name = OrderApp;
			productName = OrderApp;
			productReference = 197EA3402410C52B00D90AC8 /* OrderApp.app */;
			productType = "com.apple.product-type.application";
		};
/* End PBXNativeTarget section */

/* Begin PBXProject section */
		197EA3382410C52A00D90AC8 /* Project object */ = {
			isa = PBXProject;
			attributes = {
				LastSwiftUpdateCheck = 1130;
				LastUpgradeCheck = 1130;
				ORGANIZATIONNAME = TechFunMyanmar;
				TargetAttributes = {
					197EA33F2410C52B00D90AC8 = {
						CreatedOnToolsVersion = 11.3.1;
					};
				};
			};
			buildConfigurationList = 197EA33B2410C52A00D90AC8 /* Build configuration list for PBXProject "OrderApp" */;
			compatibilityVersion = "Xcode 9.3";
			developmentRegion = en;
			hasScannedForEncodings = 0;
			knownRegions = (
				en,
				Base,
			);
			mainGroup = 197EA3372410C52A00D90AC8;
			productRefGroup = 197EA3412410C52B00D90AC8 /* Products */;
			projectDirPath = "";
			projectRoot = "";
			targets = (
				197EA33F2410C52B00D90AC8 /* OrderApp */,
			);
		};
/* End PBXProject section */

/* Begin PBXResourcesBuildPhase section */
		197EA33E2410C52B00D90AC8 /* Resources */ = {
			isa = PBXResourcesBuildPhase;
			buildActionMask = 2147483647;
			files = (
				197EA3502410C53D00D90AC8 /* LaunchScreen.storyboard in Resources */,
				197EA34D2410C53D00D90AC8 /* Preview Assets.xcassets in Resources */,
				197EA34A2410C53D00D90AC8 /* Assets.xcassets in Resources */,
			);
			runOnlyForDeploymentPostprocessing = 0;
		};
/* End PBXResourcesBuildPhase section */

/* Begin PBXSourcesBuildPhase section */
		197EA33C2410C52B00D90AC8 /* Sources */ = {
			isa = PBXSourcesBuildPhase;
			buildActionMask = 2147483647;
			files = (
				19E2C286242234A700FCE890 /* ShowActionSheetView.swift in Sources */,
				19F8F67724231D82006A08A7 /* PresentViewbySheet.swift in Sources */,
				19C8B0A6242093BF004A6567 /* UserAuthentication.swift in Sources */,
				1915DA992424BCE900049699 /* SiproShape.swift in Sources */,
				19E2C28124221D6100FCE890 /* ListsFormsContainersView.swift in Sources */,
				19521E94241B7AEF009979B3 /* ReturnDifferentviewContent.swift in Sources */,
				19FDFD3D2418E8C6000DD855 /* AppDelegate.swift in Sources */,
				19F8F68A24237F0B006A08A7 /* TransformingView.swift in Sources */,
				19E2C28424222B5D00FCE890 /* ShowAlertView.swift in Sources */,
				19D2FFBE241F56E900887958 /* PickerView.swift in Sources */,
				19D2FFC6241F806200887958 /* LifeCycleEvents.swift in Sources */,
				19F8F68824235B10006A08A7 /* BlurView.swift in Sources */,
				19F8F6792423233E006A08A7 /* PresentingView.swift in Sources */,
				19D2FFC0241F618100887958 /* SegmentedControls.swift in Sources */,
				19521E9C241B8FD5009979B3 /* 3DeffectsContentView.swift in Sources */,
				19C8B0AA2420C473004A6567 /* Timer.swift in Sources */,
				19C8B0A424209390004A6567 /* UserLoginView.swift in Sources */,
				198696A12419FE3B00165291 /* StackContentView.swift in Sources */,
				19C8B0AF2420E18E004A6567 /* ListsView.swift in Sources */,
				19D2FFC4241F713300887958 /* GestureViewContent.swift in Sources */,
				19E2C27B2421D63600FCE890 /* ImplicitStacking.swift in Sources */,
				19F8F68624234F3B006A08A7 /* Rotation3DView.swift in Sources */,
				19521E9E241B9529009979B3 /* GridStack.swift in Sources */,
				19D2FFC2241F6AC500887958 /* StepperContentView.swift in Sources */,
				19521E98241B86DE009979B3 /* CustomFrameViewContent.swift in Sources */,
				19C8B0A224208FAA004A6567 /* VStack+HStack.swift in Sources */,
				19521E96241B7D95009979B3 /* MultipleViewsContent.swift in Sources */,
				19C8B09924207A4D004A6567 /* ViewLayout.swift in Sources */,
				19D2FFB6241F31E800887958 /* StateControlsView.swift in Sources */,
				19FDFD3B2418E824000DD855 /* ContentView.swift in Sources */,
				19F8F68424234B86006A08A7 /* RotatingView.swift in Sources */,
				19F8F682242333E7006A08A7 /* ShadowAroundView.swift in Sources */,
				19E2C27D2421DAF300FCE890 /* BasicForm.swift in Sources */,
				19E2C2792421CECC00FCE890 /* SectionInLists.swift in Sources */,
				19521E92241B6D1F009979B3 /* BackgroundImagesViewContent.swift in Sources */,
				19C8B0A024208BA6004A6567 /* AdancedStatesView.swift in Sources */,
				19521E9A241B8A0A009979B3 /* ViewwithGeometryReader.swift in Sources */,
				19C8B09E24208A08004A6567 /* UserSettings.swift in Sources */,
				19D2FFBC241F444000887958 /* SliderView.swift in Sources */,
				19D2FFB2241F250900887958 /* GridView.swift in Sources */,
				19C8B0AC2420CBF0004A6567 /* FoodCornerView.swift in Sources */,
				19E2C27F2421E39900FCE890 /* PickerInForm.swift in Sources */,
				19D2FFBA241F3C2F00887958 /* NavigationLinkView.swift in Sources */,
				19C8B0A82420B360004A6567 /* CustomBindingsView.swift in Sources */,
				198696A3241A1B1300165291 /* ScrollViewContent.swift in Sources */,
				19F8F673242310CF006A08A7 /* ContextMenuView.swift in Sources */,
				1915DA972424BCB900049699 /* Animationview.swift in Sources */,
				19521E90241B695A009979B3 /* GradientViewContent.swift in Sources */,
				19E2C2752421C96F00FCE890 /* DeleteRowFromLists.swift in Sources */,
				19F8F68024232BA6006A08A7 /* ColorOfPadding.swift in Sources */,
				19FDFD3F2418E8F2000DD855 /* SceneDelegate.swift in Sources */,
				19C8B09C2420896B004A6567 /* ObservableContentview.swift in Sources */,
				19C8B09724207688004A6567 /* WorkingwithState.swift in Sources */,
				19F8F67E2423268D006A08A7 /* AdjustWithOffset.swift in Sources */,
				19E2C2772421CC2B00FCE890 /* MoveRowFromLists.swift in Sources */,
			);
			runOnlyForDeploymentPostprocessing = 0;
		};
/* End PBXSourcesBuildPhase section */

/* Begin PBXVariantGroup section */
		197EA34E2410C53D00D90AC8 /* LaunchScreen.storyboard */ = {
			isa = PBXVariantGroup;
			children = (
				197EA34F2410C53D00D90AC8 /* Base */,
			);
			name = LaunchScreen.storyboard;
			sourceTree = "<group>";
		};
/* End PBXVariantGroup section */

/* Begin XCBuildConfiguration section */
		197EA3522410C53D00D90AC8 /* Debug */ = {
			isa = XCBuildConfiguration;
			buildSettings = {
				ALWAYS_SEARCH_USER_PATHS = NO;
				CLANG_ANALYZER_NONNULL = YES;
				CLANG_ANALYZER_NUMBER_OBJECT_CONVERSION = YES_AGGRESSIVE;
				CLANG_CXX_LANGUAGE_STANDARD = "gnu++14";
				CLANG_CXX_LIBRARY = "libc++";
				CLANG_ENABLE_MODULES = YES;
				CLANG_ENABLE_OBJC_ARC = YES;
				CLANG_ENABLE_OBJC_WEAK = YES;
				CLANG_WARN_BLOCK_CAPTURE_AUTORELEASING = YES;
				CLANG_WARN_BOOL_CONVERSION = YES;
				CLANG_WARN_COMMA = YES;
				CLANG_WARN_CONSTANT_CONVERSION = YES;
				CLANG_WARN_DEPRECATED_OBJC_IMPLEMENTATIONS = YES;
				CLANG_WARN_DIRECT_OBJC_ISA_USAGE = YES_ERROR;
				CLANG_WARN_DOCUMENTATION_COMMENTS = YES;
				CLANG_WARN_EMPTY_BODY = YES;
				CLANG_WARN_ENUM_CONVERSION = YES;
				CLANG_WARN_INFINITE_RECURSION = YES;
				CLANG_WARN_INT_CONVERSION = YES;
				CLANG_WARN_NON_LITERAL_NULL_CONVERSION = YES;
				CLANG_WARN_OBJC_IMPLICIT_RETAIN_SELF = YES;
				CLANG_WARN_OBJC_LITERAL_CONVERSION = YES;
				CLANG_WARN_OBJC_ROOT_CLASS = YES_ERROR;
				CLANG_WARN_RANGE_LOOP_ANALYSIS = YES;
				CLANG_WARN_STRICT_PROTOTYPES = YES;
				CLANG_WARN_SUSPICIOUS_MOVE = YES;
				CLANG_WARN_UNGUARDED_AVAILABILITY = YES_AGGRESSIVE;
				CLANG_WARN_UNREACHABLE_CODE = YES;
				CLANG_WARN__DUPLICATE_METHOD_MATCH = YES;
				COPY_PHASE_STRIP = NO;
				DEBUG_INFORMATION_FORMAT = dwarf;
				ENABLE_STRICT_OBJC_MSGSEND = YES;
				ENABLE_TESTABILITY = YES;
				GCC_C_LANGUAGE_STANDARD = gnu11;
				GCC_DYNAMIC_NO_PIC = NO;
				GCC_NO_COMMON_BLOCKS = YES;
				GCC_OPTIMIZATION_LEVEL = 0;
				GCC_PREPROCESSOR_DEFINITIONS = (
					"DEBUG=1",
					"$(inherited)",
				);
				GCC_WARN_64_TO_32_BIT_CONVERSION = YES;
				GCC_WARN_ABOUT_RETURN_TYPE = YES_ERROR;
				GCC_WARN_UNDECLARED_SELECTOR = YES;
				GCC_WARN_UNINITIALIZED_AUTOS = YES_AGGRESSIVE;
				GCC_WARN_UNUSED_FUNCTION = YES;
				GCC_WARN_UNUSED_VARIABLE = YES;
				IPHONEOS_DEPLOYMENT_TARGET = 13.2;
				MTL_ENABLE_DEBUG_INFO = INCLUDE_SOURCE;
				MTL_FAST_MATH = YES;
				ONLY_ACTIVE_ARCH = YES;
				SDKROOT = iphoneos;
				SWIFT_ACTIVE_COMPILATION_CONDITIONS = DEBUG;
				SWIFT_OPTIMIZATION_LEVEL = "-Onone";
			};
			name = Debug;
		};
		197EA3532410C53D00D90AC8 /* Release */ = {
			isa = XCBuildConfiguration;
			buildSettings = {
				ALWAYS_SEARCH_USER_PATHS = NO;
				CLANG_ANALYZER_NONNULL = YES;
				CLANG_ANALYZER_NUMBER_OBJECT_CONVERSION = YES_AGGRESSIVE;
				CLANG_CXX_LANGUAGE_STANDARD = "gnu++14";
				CLANG_CXX_LIBRARY = "libc++";
				CLANG_ENABLE_MODULES = YES;
				CLANG_ENABLE_OBJC_ARC = YES;
				CLANG_ENABLE_OBJC_WEAK = YES;
				CLANG_WARN_BLOCK_CAPTURE_AUTORELEASING = YES;
				CLANG_WARN_BOOL_CONVERSION = YES;
				CLANG_WARN_COMMA = YES;
				CLANG_WARN_CONSTANT_CONVERSION = YES;
				CLANG_WARN_DEPRECATED_OBJC_IMPLEMENTATIONS = YES;
				CLANG_WARN_DIRECT_OBJC_ISA_USAGE = YES_ERROR;
				CLANG_WARN_DOCUMENTATION_COMMENTS = YES;
				CLANG_WARN_EMPTY_BODY = YES;
				CLANG_WARN_ENUM_CONVERSION = YES;
				CLANG_WARN_INFINITE_RECURSION = YES;
				CLANG_WARN_INT_CONVERSION = YES;
				CLANG_WARN_NON_LITERAL_NULL_CONVERSION = YES;
				CLANG_WARN_OBJC_IMPLICIT_RETAIN_SELF = YES;
				CLANG_WARN_OBJC_LITERAL_CONVERSION = YES;
				CLANG_WARN_OBJC_ROOT_CLASS = YES_ERROR;
				CLANG_WARN_RANGE_LOOP_ANALYSIS = YES;
				CLANG_WARN_STRICT_PROTOTYPES = YES;
				CLANG_WARN_SUSPICIOUS_MOVE = YES;
				CLANG_WARN_UNGUARDED_AVAILABILITY = YES_AGGRESSIVE;
				CLANG_WARN_UNREACHABLE_CODE = YES;
				CLANG_WARN__DUPLICATE_METHOD_MATCH = YES;
				COPY_PHASE_STRIP = NO;
				DEBUG_INFORMATION_FORMAT = "dwarf-with-dsym";
				ENABLE_NS_ASSERTIONS = NO;
				ENABLE_STRICT_OBJC_MSGSEND = YES;
				GCC_C_LANGUAGE_STANDARD = gnu11;
				GCC_NO_COMMON_BLOCKS = YES;
				GCC_WARN_64_TO_32_BIT_CONVERSION = YES;
				GCC_WARN_ABOUT_RETURN_TYPE = YES_ERROR;
				GCC_WARN_UNDECLARED_SELECTOR = YES;
				GCC_WARN_UNINITIALIZED_AUTOS = YES_AGGRESSIVE;
				GCC_WARN_UNUSED_FUNCTION = YES;
				GCC_WARN_UNUSED_VARIABLE = YES;
				IPHONEOS_DEPLOYMENT_TARGET = 13.2;
				MTL_ENABLE_DEBUG_INFO = NO;
				MTL_FAST_MATH = YES;
				SDKROOT = iphoneos;
				SWIFT_COMPILATION_MODE = wholemodule;
				SWIFT_OPTIMIZATION_LEVEL = "-O";
				VALIDATE_PRODUCT = YES;
			};
			name = Release;
		};
		197EA3552410C53D00D90AC8 /* Debug */ = {
			isa = XCBuildConfiguration;
			buildSettings = {
				ASSETCATALOG_COMPILER_APPICON_NAME = AppIcon;
				CODE_SIGN_STYLE = Automatic;
				DEVELOPMENT_ASSET_PATHS = "\"OrderApp/Preview Content\"";
				DEVELOPMENT_TEAM = 9MVFRAFV2L;
				ENABLE_PREVIEWS = YES;
				INFOPLIST_FILE = OrderApp/Info.plist;
				LD_RUNPATH_SEARCH_PATHS = (
					"$(inherited)",
					"@executable_path/Frameworks",
				);
				PRODUCT_BUNDLE_IDENTIFIER = techfun.OrderApp;
				PRODUCT_NAME = "$(TARGET_NAME)";
				SWIFT_VERSION = 5.0;
				TARGETED_DEVICE_FAMILY = "1,2";
			};
			name = Debug;
		};
		197EA3562410C53D00D90AC8 /* Release */ = {
			isa = XCBuildConfiguration;
			buildSettings = {
				ASSETCATALOG_COMPILER_APPICON_NAME = AppIcon;
				CODE_SIGN_STYLE = Automatic;
				DEVELOPMENT_ASSET_PATHS = "\"OrderApp/Preview Content\"";
				DEVELOPMENT_TEAM = 9MVFRAFV2L;
				ENABLE_PREVIEWS = YES;
				INFOPLIST_FILE = OrderApp/Info.plist;
				LD_RUNPATH_SEARCH_PATHS = (
					"$(inherited)",
					"@executable_path/Frameworks",
				);
				PRODUCT_BUNDLE_IDENTIFIER = techfun.OrderApp;
				PRODUCT_NAME = "$(TARGET_NAME)";
				SWIFT_VERSION = 5.0;
				TARGETED_DEVICE_FAMILY = "1,2";
			};
			name = Release;
		};
/* End XCBuildConfiguration section */

/* Begin XCConfigurationList section */
		197EA33B2410C52A00D90AC8 /* Build configuration list for PBXProject "OrderApp" */ = {
			isa = XCConfigurationList;
			buildConfigurations = (
				197EA3522410C53D00D90AC8 /* Debug */,
				197EA3532410C53D00D90AC8 /* Release */,
			);
			defaultConfigurationIsVisible = 0;
			defaultConfigurationName = Release;
		};
		197EA3542410C53D00D90AC8 /* Build configuration list for PBXNativeTarget "OrderApp" */ = {
			isa = XCConfigurationList;
			buildConfigurations = (
				197EA3552410C53D00D90AC8 /* Debug */,
				197EA3562410C53D00D90AC8 /* Release */,
			);
			defaultConfigurationIsVisible = 0;
			defaultConfigurationName = Release;
		};
/* End XCConfigurationList section */
	};
	rootObject = 197EA3382410C52A00D90AC8 /* Project object */;
}
